
Microsoft Visual Studio Solution File, Format Version 12.00
# Visual Studio Version 16
VisualStudioVersion = 16.0.29911.84
MinimumVisualStudioVersion = 10.0.40219.1
Project("{9A19103F-16F7-4668-BE54-9A1E7A4F7556}") = "Relation.API", "Relation.API\Relation.API.csproj", "{D3E7E124-5E6A-4548-9CB5-25E3CD246E9B}"
EndProject
Project("{9A19103F-16F7-4668-BE54-9A1E7A4F7556}") = "Relations.Dal", "RelationInfrastructure\Relations.Dal.csproj", "{4F21DC19-22E5-4CED-84C1-7CDBD75AD8C6}"
EndProject
Project("{9A19103F-16F7-4668-BE54-9A1E7A4F7556}") = "Relations.Bll", "RelationsBll\Relations.Bll.csproj", "{8D893517-2A08-4667-9412-B3A9209EBD56}"
EndProject
Global
	GlobalSection(SolutionConfigurationPlatforms) = preSolution
		Debug|Any CPU = Debug|Any CPU
		Release|Any CPU = Release|Any CPU
	EndGlobalSection
	GlobalSection(ProjectConfigurationPlatforms) = postSolution
		{D3E7E124-5E6A-4548-9CB5-25E3CD246E9B}.Debug|Any CPU.ActiveCfg = Debug|Any CPU
		{D3E7E124-5E6A-4548-9CB5-25E3CD246E9B}.Debug|Any CPU.Build.0 = Debug|Any CPU
		{D3E7E124-5E6A-4548-9CB5-25E3CD246E9B}.Release|Any CPU.ActiveCfg = Release|Any CPU
		{D3E7E124-5E6A-4548-9CB5-25E3CD246E9B}.Release|Any CPU.Build.0 = Release|Any CPU
		{4F21DC19-22E5-4CED-84C1-7CDBD75AD8C6}.Debug|Any CPU.ActiveCfg = Debug|Any CPU
		{4F21DC19-22E5-4CED-84C1-7CDBD75AD8C6}.Debug|Any CPU.Build.0 = Debug|Any CPU
		{4F21DC19-22E5-4CED-84C1-7CDBD75AD8C6}.Release|Any CPU.ActiveCfg = Release|Any CPU
		{4F21DC19-22E5-4CED-84C1-7CDBD75AD8C6}.Release|Any CPU.Build.0 = Release|Any CPU
		{8D893517-2A08-4667-9412-B3A9209EBD56}.Debug|Any CPU.ActiveCfg = Debug|Any CPU
		{8D893517-2A08-4667-9412-B3A9209EBD56}.Debug|Any CPU.Build.0 = Debug|Any CPU
		{8D893517-2A08-4667-9412-B3A9209EBD56}.Release|Any CPU.ActiveCfg = Release|Any CPU
		{8D893517-2A08-4667-9412-B3A9209EBD56}.Release|Any CPU.Build.0 = Release|Any CPU
	EndGlobalSection
	GlobalSection(SolutionProperties) = preSolution
		HideSolutionNode = FALSE
	EndGlobalSection
	GlobalSection(ExtensibilityGlobals) = postSolution
		SolutionGuid = {00A5CF87-941A-4FCB-BC78-37AB243FB988}
	EndGlobalSection
EndGlobal
